
Microsoft Visual Studio Solution File, Format Version 12.00
# Visual Studio Version 17
VisualStudioVersion = 17.0.31710.8
MinimumVisualStudioVersion = 10.0.40219.1
Project("{2150E333-8FDC-42A3-9474-1A3956D46DE8}") = "src", "src", "{02C87EE2-2EA7-459F-A27C-CC833482AAF3}"
EndProject
Project("{2150E333-8FDC-42A3-9474-1A3956D46DE8}") = "sample", "sample", "{C8E02FBF-0933-4931-82C5-D08452EB76E1}"
EndProject
Project("{2150E333-8FDC-42A3-9474-1A3956D46DE8}") = "test", "test", "{79B06E90-0EB4-491B-8F85-BC7A1AAEDD45}"
EndProject
Project("{2150E333-8FDC-42A3-9474-1A3956D46DE8}") = "Booster.WeChat", "Booster.WeChat", "{E8D0F965-DB11-45F9-A9D9-689518BFF281}"
EndProject
Project("{9A19103F-16F7-4668-BE54-9A1E7A4F7556}") = "Booster.DeviceTest.Runner", "test\Booster.DeviceTest.Runner\Booster.DeviceTest.Runner.csproj", "{AD5B5456-395D-4C17-9E45-189895A29090}"
EndProject
Project("{9A19103F-16F7-4668-BE54-9A1E7A4F7556}") = "Booster.WeChat.UnitTest", "test\Booster.WeChat\Booster.WeChat.UnitTest\Booster.WeChat.UnitTest.csproj", "{C705CB45-9928-4445-9A92-A36C2CDA5A14}"
EndProject
Project("{9A19103F-16F7-4668-BE54-9A1E7A4F7556}") = "Booster.WeChat.DeviceTest", "test\Booster.WeChat\Booster.WeChat.DeviceTest\Booster.WeChat.DeviceTest.csproj", "{05FC93CB-6EA9-4C41-A4DE-79BF8776B4DF}"
EndProject
Project("{9A19103F-16F7-4668-BE54-9A1E7A4F7556}") = "Booster.Sample", "sample\Booster.Sample\Booster.Sample.csproj", "{F4175B90-8E86-4E1C-8C88-287127578F09}"
EndProject
Project("{2150E333-8FDC-42A3-9474-1A3956D46DE8}") = "Booster.WeChat", "Booster.WeChat", "{D5F3B195-87AE-4EC5-8EA6-FD15DCC85E9C}"
EndProject
Project("{9A19103F-16F7-4668-BE54-9A1E7A4F7556}") = "Booster.WeChat.Binding.Android", "src\Booster.WeChat\Booster.WeChat.Binding.Android\Booster.WeChat.Binding.Android.csproj", "{78B0C42D-8B71-45B2-9755-20CF5187AC36}"
EndProject
Project("{9A19103F-16F7-4668-BE54-9A1E7A4F7556}") = "Booster.WeChat", "src\Booster.WeChat\Booster.WeChat\Booster.WeChat.csproj", "{19095095-C908-4565-B7A8-DC6E90DD37D1}"
EndProject
Global
	GlobalSection(SolutionConfigurationPlatforms) = preSolution
		Debug|Any CPU = Debug|Any CPU
		Release|Any CPU = Release|Any CPU
	EndGlobalSection
	GlobalSection(ProjectConfigurationPlatforms) = postSolution
		{AD5B5456-395D-4C17-9E45-189895A29090}.Debug|Any CPU.ActiveCfg = Debug|Any CPU
		{AD5B5456-395D-4C17-9E45-189895A29090}.Debug|Any CPU.Build.0 = Debug|Any CPU
		{AD5B5456-395D-4C17-9E45-189895A29090}.Release|Any CPU.ActiveCfg = Release|Any CPU
		{AD5B5456-395D-4C17-9E45-189895A29090}.Release|Any CPU.Build.0 = Release|Any CPU
		{C705CB45-9928-4445-9A92-A36C2CDA5A14}.Debug|Any CPU.ActiveCfg = Debug|Any CPU
		{C705CB45-9928-4445-9A92-A36C2CDA5A14}.Debug|Any CPU.Build.0 = Debug|Any CPU
		{C705CB45-9928-4445-9A92-A36C2CDA5A14}.Release|Any CPU.ActiveCfg = Release|Any CPU
		{C705CB45-9928-4445-9A92-A36C2CDA5A14}.Release|Any CPU.Build.0 = Release|Any CPU
		{05FC93CB-6EA9-4C41-A4DE-79BF8776B4DF}.Debug|Any CPU.ActiveCfg = Debug|Any CPU
		{05FC93CB-6EA9-4C41-A4DE-79BF8776B4DF}.Debug|Any CPU.Build.0 = Debug|Any CPU
		{05FC93CB-6EA9-4C41-A4DE-79BF8776B4DF}.Release|Any CPU.ActiveCfg = Release|Any CPU
		{05FC93CB-6EA9-4C41-A4DE-79BF8776B4DF}.Release|Any CPU.Build.0 = Release|Any CPU
		{F4175B90-8E86-4E1C-8C88-287127578F09}.Debug|Any CPU.ActiveCfg = Debug|Any CPU
		{F4175B90-8E86-4E1C-8C88-287127578F09}.Debug|Any CPU.Build.0 = Debug|Any CPU
		{F4175B90-8E86-4E1C-8C88-287127578F09}.Release|Any CPU.ActiveCfg = Release|Any CPU
		{F4175B90-8E86-4E1C-8C88-287127578F09}.Release|Any CPU.Build.0 = Release|Any CPU
		{78B0C42D-8B71-45B2-9755-20CF5187AC36}.Debug|Any CPU.ActiveCfg = Debug|Any CPU
		{78B0C42D-8B71-45B2-9755-20CF5187AC36}.Debug|Any CPU.Build.0 = Debug|Any CPU
		{78B0C42D-8B71-45B2-9755-20CF5187AC36}.Debug|Any CPU.Deploy.0 = Debug|Any CPU
		{78B0C42D-8B71-45B2-9755-20CF5187AC36}.Release|Any CPU.ActiveCfg = Release|Any CPU
		{78B0C42D-8B71-45B2-9755-20CF5187AC36}.Release|Any CPU.Build.0 = Release|Any CPU
		{78B0C42D-8B71-45B2-9755-20CF5187AC36}.Release|Any CPU.Deploy.0 = Release|Any CPU
		{19095095-C908-4565-B7A8-DC6E90DD37D1}.Debug|Any CPU.ActiveCfg = Debug|Any CPU
		{19095095-C908-4565-B7A8-DC6E90DD37D1}.Debug|Any CPU.Build.0 = Debug|Any CPU
		{19095095-C908-4565-B7A8-DC6E90DD37D1}.Release|Any CPU.ActiveCfg = Release|Any CPU
		{19095095-C908-4565-B7A8-DC6E90DD37D1}.Release|Any CPU.Build.0 = Release|Any CPU
	EndGlobalSection
	GlobalSection(SolutionProperties) = preSolution
		HideSolutionNode = FALSE
	EndGlobalSection
	GlobalSection(NestedProjects) = preSolution
		{E8D0F965-DB11-45F9-A9D9-689518BFF281} = {79B06E90-0EB4-491B-8F85-BC7A1AAEDD45}
		{AD5B5456-395D-4C17-9E45-189895A29090} = {79B06E90-0EB4-491B-8F85-BC7A1AAEDD45}
		{C705CB45-9928-4445-9A92-A36C2CDA5A14} = {E8D0F965-DB11-45F9-A9D9-689518BFF281}
		{05FC93CB-6EA9-4C41-A4DE-79BF8776B4DF} = {E8D0F965-DB11-45F9-A9D9-689518BFF281}
		{F4175B90-8E86-4E1C-8C88-287127578F09} = {C8E02FBF-0933-4931-82C5-D08452EB76E1}
		{D5F3B195-87AE-4EC5-8EA6-FD15DCC85E9C} = {02C87EE2-2EA7-459F-A27C-CC833482AAF3}
		{78B0C42D-8B71-45B2-9755-20CF5187AC36} = {D5F3B195-87AE-4EC5-8EA6-FD15DCC85E9C}
		{19095095-C908-4565-B7A8-DC6E90DD37D1} = {D5F3B195-87AE-4EC5-8EA6-FD15DCC85E9C}
	EndGlobalSection
	GlobalSection(ExtensibilityGlobals) = postSolution
		SolutionGuid = {33B25A3B-2AB6-446B-90AC-D7D0F63B969E}
	EndGlobalSection
EndGlobal
