
Microsoft Visual Studio Solution File, Format Version 12.00
# Visual Studio Version 17
VisualStudioVersion = 17.0.31710.8
MinimumVisualStudioVersion = 10.0.40219.1
Project("{2150E333-8FDC-42A3-9474-1A3956D46DE8}") = "src", "src", "{02C87EE2-2EA7-459F-A27C-CC833482AAF3}"
EndProject
Project("{2150E333-8FDC-42A3-9474-1A3956D46DE8}") = "test", "test", "{79B06E90-0EB4-491B-8F85-BC7A1AAEDD45}"
EndProject
Project("{2150E333-8FDC-42A3-9474-1A3956D46DE8}") = "WeChat", "WeChat", "{E8D0F965-DB11-45F9-A9D9-689518BFF281}"
EndProject
Project("{9A19103F-16F7-4668-BE54-9A1E7A4F7556}") = "Booster.DeviceTest.Runner", "test\Booster.DeviceTest.Runner\Booster.DeviceTest.Runner.csproj", "{AD5B5456-395D-4C17-9E45-189895A29090}"
EndProject
Project("{2150E333-8FDC-42A3-9474-1A3956D46DE8}") = "WeChat", "WeChat", "{C732828A-D1A6-4430-AE8A-0D8FABB46101}"
EndProject
Project("{9A19103F-16F7-4668-BE54-9A1E7A4F7556}") = "Booster.WeChat.UnitTest", "test\WeChat\Booster.WeChat.UnitTest\Booster.WeChat.UnitTest.csproj", "{9DADFF9B-A2E2-4B4D-B3A9-3BC12604290C}"
EndProject
Project("{9A19103F-16F7-4668-BE54-9A1E7A4F7556}") = "Booster.WeChat.DeviceTest", "test\WeChat\Booster.WeChat.DeviceTest\Booster.WeChat.DeviceTest.csproj", "{0908BD52-96B1-4D1C-AF72-257DC27F0382}"
EndProject
Project("{9A19103F-16F7-4668-BE54-9A1E7A4F7556}") = "Booster.WeChat", "src\WeChat\Booster.WeChat\Booster.WeChat.csproj", "{12D4A107-87AF-4AE6-A3EC-38B2F703A5B3}"
EndProject
Project("{9A19103F-16F7-4668-BE54-9A1E7A4F7556}") = "Booster.WeChat.Binding.Android", "src\WeChat\Booster.WeChat.Binding.Android\Booster.WeChat.Binding.Android.csproj", "{FA982D89-FCA7-4102-9348-9A438E160218}"
EndProject
Global
	GlobalSection(SolutionConfigurationPlatforms) = preSolution
		Debug|Any CPU = Debug|Any CPU
		Release|Any CPU = Release|Any CPU
	EndGlobalSection
	GlobalSection(ProjectConfigurationPlatforms) = postSolution
		{AD5B5456-395D-4C17-9E45-189895A29090}.Debug|Any CPU.ActiveCfg = Debug|Any CPU
		{AD5B5456-395D-4C17-9E45-189895A29090}.Debug|Any CPU.Build.0 = Debug|Any CPU
		{AD5B5456-395D-4C17-9E45-189895A29090}.Release|Any CPU.ActiveCfg = Release|Any CPU
		{AD5B5456-395D-4C17-9E45-189895A29090}.Release|Any CPU.Build.0 = Release|Any CPU
		{9DADFF9B-A2E2-4B4D-B3A9-3BC12604290C}.Debug|Any CPU.ActiveCfg = Debug|Any CPU
		{9DADFF9B-A2E2-4B4D-B3A9-3BC12604290C}.Debug|Any CPU.Build.0 = Debug|Any CPU
		{9DADFF9B-A2E2-4B4D-B3A9-3BC12604290C}.Release|Any CPU.ActiveCfg = Release|Any CPU
		{9DADFF9B-A2E2-4B4D-B3A9-3BC12604290C}.Release|Any CPU.Build.0 = Release|Any CPU
		{0908BD52-96B1-4D1C-AF72-257DC27F0382}.Debug|Any CPU.ActiveCfg = Debug|Any CPU
		{0908BD52-96B1-4D1C-AF72-257DC27F0382}.Debug|Any CPU.Build.0 = Debug|Any CPU
		{0908BD52-96B1-4D1C-AF72-257DC27F0382}.Release|Any CPU.ActiveCfg = Release|Any CPU
		{0908BD52-96B1-4D1C-AF72-257DC27F0382}.Release|Any CPU.Build.0 = Release|Any CPU
		{12D4A107-87AF-4AE6-A3EC-38B2F703A5B3}.Debug|Any CPU.ActiveCfg = Debug|Any CPU
		{12D4A107-87AF-4AE6-A3EC-38B2F703A5B3}.Debug|Any CPU.Build.0 = Debug|Any CPU
		{12D4A107-87AF-4AE6-A3EC-38B2F703A5B3}.Release|Any CPU.ActiveCfg = Release|Any CPU
		{12D4A107-87AF-4AE6-A3EC-38B2F703A5B3}.Release|Any CPU.Build.0 = Release|Any CPU
		{FA982D89-FCA7-4102-9348-9A438E160218}.Debug|Any CPU.ActiveCfg = Debug|Any CPU
		{FA982D89-FCA7-4102-9348-9A438E160218}.Debug|Any CPU.Build.0 = Debug|Any CPU
		{FA982D89-FCA7-4102-9348-9A438E160218}.Debug|Any CPU.Deploy.0 = Debug|Any CPU
		{FA982D89-FCA7-4102-9348-9A438E160218}.Release|Any CPU.ActiveCfg = Release|Any CPU
		{FA982D89-FCA7-4102-9348-9A438E160218}.Release|Any CPU.Build.0 = Release|Any CPU
		{FA982D89-FCA7-4102-9348-9A438E160218}.Release|Any CPU.Deploy.0 = Release|Any CPU
	EndGlobalSection
	GlobalSection(SolutionProperties) = preSolution
		HideSolutionNode = FALSE
	EndGlobalSection
	GlobalSection(NestedProjects) = preSolution
		{E8D0F965-DB11-45F9-A9D9-689518BFF281} = {79B06E90-0EB4-491B-8F85-BC7A1AAEDD45}
		{AD5B5456-395D-4C17-9E45-189895A29090} = {79B06E90-0EB4-491B-8F85-BC7A1AAEDD45}
		{C732828A-D1A6-4430-AE8A-0D8FABB46101} = {02C87EE2-2EA7-459F-A27C-CC833482AAF3}
		{9DADFF9B-A2E2-4B4D-B3A9-3BC12604290C} = {E8D0F965-DB11-45F9-A9D9-689518BFF281}
		{0908BD52-96B1-4D1C-AF72-257DC27F0382} = {E8D0F965-DB11-45F9-A9D9-689518BFF281}
		{12D4A107-87AF-4AE6-A3EC-38B2F703A5B3} = {C732828A-D1A6-4430-AE8A-0D8FABB46101}
		{FA982D89-FCA7-4102-9348-9A438E160218} = {C732828A-D1A6-4430-AE8A-0D8FABB46101}
	EndGlobalSection
	GlobalSection(ExtensibilityGlobals) = postSolution
		SolutionGuid = {33B25A3B-2AB6-446B-90AC-D7D0F63B969E}
	EndGlobalSection
EndGlobal
