
Microsoft Visual Studio Solution File, Format Version 12.00
# Visual Studio Version 17
VisualStudioVersion = 17.1.31903.286
MinimumVisualStudioVersion = 10.0.40219.1
Project("{2150E333-8FDC-42A3-9474-1A3956D46DE8}") = "src", "src", "{AF7B8668-037E-4E68-ACC8-2195D5916087}"
EndProject
Project("{9A19103F-16F7-4668-BE54-9A1E7A4F7556}") = "Booster.DeviceTest.Runner", "src\Booster.DeviceTest.Runner\Booster.DeviceTest.Runner.csproj", "{A289FF18-35AD-4551-B30E-761A7AA7B7C0}"
EndProject
Global
	GlobalSection(SolutionConfigurationPlatforms) = preSolution
		Debug|Any CPU = Debug|Any CPU
		Release|Any CPU = Release|Any CPU
	EndGlobalSection
	GlobalSection(ProjectConfigurationPlatforms) = postSolution
		{A289FF18-35AD-4551-B30E-761A7AA7B7C0}.Debug|Any CPU.ActiveCfg = Debug|Any CPU
		{A289FF18-35AD-4551-B30E-761A7AA7B7C0}.Debug|Any CPU.Build.0 = Debug|Any CPU
		{A289FF18-35AD-4551-B30E-761A7AA7B7C0}.Release|Any CPU.ActiveCfg = Release|Any CPU
		{A289FF18-35AD-4551-B30E-761A7AA7B7C0}.Release|Any CPU.Build.0 = Release|Any CPU
	EndGlobalSection
	GlobalSection(SolutionProperties) = preSolution
		HideSolutionNode = FALSE
	EndGlobalSection
	GlobalSection(NestedProjects) = preSolution
		{A289FF18-35AD-4551-B30E-761A7AA7B7C0} = {AF7B8668-037E-4E68-ACC8-2195D5916087}
	EndGlobalSection
	GlobalSection(ExtensibilityGlobals) = postSolution
		SolutionGuid = {91377B05-E301-41EF-96F8-C3AE0CF07CD0}
	EndGlobalSection
EndGlobal
