
Microsoft Visual Studio Solution File, Format Version 12.00
# Visual Studio Version 17
VisualStudioVersion = 17.1.31903.286
MinimumVisualStudioVersion = 10.0.40219.1
Project("{2150E333-8FDC-42A3-9474-1A3956D46DE8}") = "src", "src", "{4A320B62-E8D5-4D8E-8D99-4AF1CF033605}"
EndProject
Project("{9A19103F-16F7-4668-BE54-9A1E7A4F7556}") = "Booster.WeChat.SourceGenerator", "src\Booster.WeChat.SourceGenerator\Booster.WeChat.SourceGenerator.csproj", "{A8270B43-6591-470E-BF5F-3A0C96EEEA0C}"
EndProject
Project("{9A19103F-16F7-4668-BE54-9A1E7A4F7556}") = "Booster.WeChat.Binding.Android", "src\Booster.WeChat.Binding.Android\Booster.WeChat.Binding.Android.csproj", "{B95DD955-D902-4836-870C-60D32B3CC1E2}"
EndProject
Project("{9A19103F-16F7-4668-BE54-9A1E7A4F7556}") = "Booster.WeChat", "src\Booster.WeChat\Booster.WeChat.csproj", "{B39547C3-66E2-4954-96CE-9AD90EC92757}"
EndProject
Project("{2150E333-8FDC-42A3-9474-1A3956D46DE8}") = "test", "test", "{001569CD-B8AA-4179-AB05-DB27A0CBEB12}"
EndProject
Project("{9A19103F-16F7-4668-BE54-9A1E7A4F7556}") = "Booster.WeChat.Test.Mock", "test\Booster.WeChat.Test.Mock\Booster.WeChat.Test.Mock.csproj", "{A844EDA3-04AB-4FD0-BA58-9662D7D1C5D0}"
EndProject
Project("{9A19103F-16F7-4668-BE54-9A1E7A4F7556}") = "Booster.WeChat.UnitTest", "test\Booster.WeChat.UnitTest\Booster.WeChat.UnitTest.csproj", "{D6F59414-D0BF-45A2-BA6B-7F80FB13D23A}"
EndProject
Project("{9A19103F-16F7-4668-BE54-9A1E7A4F7556}") = "Booster.WeChat.DeviceTest", "test\Booster.WeChat.DeviceTest\Booster.WeChat.DeviceTest.csproj", "{E8C7771D-F97C-4C27-85CE-D26DDA124BA0}"
EndProject
Project("{FAE04EC0-301F-11D3-BF4B-00C04F79EFBC}") = "Booster.WeChat.Binding.iOS", "src\Booster.WeChat.Binding.iOS\Booster.WeChat.Binding.iOS.csproj", "{FBA72185-540B-4982-AAB6-FC7BEA0128A7}"
EndProject
Global
	GlobalSection(SolutionConfigurationPlatforms) = preSolution
		Debug|Any CPU = Debug|Any CPU
		Release|Any CPU = Release|Any CPU
	EndGlobalSection
	GlobalSection(ProjectConfigurationPlatforms) = postSolution
		{A8270B43-6591-470E-BF5F-3A0C96EEEA0C}.Debug|Any CPU.ActiveCfg = Debug|Any CPU
		{A8270B43-6591-470E-BF5F-3A0C96EEEA0C}.Debug|Any CPU.Build.0 = Debug|Any CPU
		{A8270B43-6591-470E-BF5F-3A0C96EEEA0C}.Release|Any CPU.ActiveCfg = Release|Any CPU
		{A8270B43-6591-470E-BF5F-3A0C96EEEA0C}.Release|Any CPU.Build.0 = Release|Any CPU
		{B95DD955-D902-4836-870C-60D32B3CC1E2}.Debug|Any CPU.ActiveCfg = Debug|Any CPU
		{B95DD955-D902-4836-870C-60D32B3CC1E2}.Debug|Any CPU.Build.0 = Debug|Any CPU
		{B95DD955-D902-4836-870C-60D32B3CC1E2}.Debug|Any CPU.Deploy.0 = Debug|Any CPU
		{B95DD955-D902-4836-870C-60D32B3CC1E2}.Release|Any CPU.ActiveCfg = Release|Any CPU
		{B95DD955-D902-4836-870C-60D32B3CC1E2}.Release|Any CPU.Build.0 = Release|Any CPU
		{B95DD955-D902-4836-870C-60D32B3CC1E2}.Release|Any CPU.Deploy.0 = Release|Any CPU
		{B39547C3-66E2-4954-96CE-9AD90EC92757}.Debug|Any CPU.ActiveCfg = Debug|Any CPU
		{B39547C3-66E2-4954-96CE-9AD90EC92757}.Debug|Any CPU.Build.0 = Debug|Any CPU
		{B39547C3-66E2-4954-96CE-9AD90EC92757}.Release|Any CPU.ActiveCfg = Release|Any CPU
		{B39547C3-66E2-4954-96CE-9AD90EC92757}.Release|Any CPU.Build.0 = Release|Any CPU
		{A844EDA3-04AB-4FD0-BA58-9662D7D1C5D0}.Debug|Any CPU.ActiveCfg = Debug|Any CPU
		{A844EDA3-04AB-4FD0-BA58-9662D7D1C5D0}.Debug|Any CPU.Build.0 = Debug|Any CPU
		{A844EDA3-04AB-4FD0-BA58-9662D7D1C5D0}.Release|Any CPU.ActiveCfg = Release|Any CPU
		{A844EDA3-04AB-4FD0-BA58-9662D7D1C5D0}.Release|Any CPU.Build.0 = Release|Any CPU
		{D6F59414-D0BF-45A2-BA6B-7F80FB13D23A}.Debug|Any CPU.ActiveCfg = Debug|Any CPU
		{D6F59414-D0BF-45A2-BA6B-7F80FB13D23A}.Debug|Any CPU.Build.0 = Debug|Any CPU
		{D6F59414-D0BF-45A2-BA6B-7F80FB13D23A}.Release|Any CPU.ActiveCfg = Release|Any CPU
		{D6F59414-D0BF-45A2-BA6B-7F80FB13D23A}.Release|Any CPU.Build.0 = Release|Any CPU
		{E8C7771D-F97C-4C27-85CE-D26DDA124BA0}.Debug|Any CPU.ActiveCfg = Debug|Any CPU
		{E8C7771D-F97C-4C27-85CE-D26DDA124BA0}.Debug|Any CPU.Build.0 = Debug|Any CPU
		{E8C7771D-F97C-4C27-85CE-D26DDA124BA0}.Debug|Any CPU.Deploy.0 = Debug|Any CPU
		{E8C7771D-F97C-4C27-85CE-D26DDA124BA0}.Release|Any CPU.ActiveCfg = Release|Any CPU
		{E8C7771D-F97C-4C27-85CE-D26DDA124BA0}.Release|Any CPU.Build.0 = Release|Any CPU
		{E8C7771D-F97C-4C27-85CE-D26DDA124BA0}.Release|Any CPU.Deploy.0 = Release|Any CPU
		{FBA72185-540B-4982-AAB6-FC7BEA0128A7}.Debug|Any CPU.ActiveCfg = Debug|Any CPU
		{FBA72185-540B-4982-AAB6-FC7BEA0128A7}.Debug|Any CPU.Build.0 = Debug|Any CPU
		{FBA72185-540B-4982-AAB6-FC7BEA0128A7}.Release|Any CPU.ActiveCfg = Release|Any CPU
		{FBA72185-540B-4982-AAB6-FC7BEA0128A7}.Release|Any CPU.Build.0 = Release|Any CPU
	EndGlobalSection
	GlobalSection(SolutionProperties) = preSolution
		HideSolutionNode = FALSE
	EndGlobalSection
	GlobalSection(NestedProjects) = preSolution
		{A8270B43-6591-470E-BF5F-3A0C96EEEA0C} = {4A320B62-E8D5-4D8E-8D99-4AF1CF033605}
		{B95DD955-D902-4836-870C-60D32B3CC1E2} = {4A320B62-E8D5-4D8E-8D99-4AF1CF033605}
		{B39547C3-66E2-4954-96CE-9AD90EC92757} = {4A320B62-E8D5-4D8E-8D99-4AF1CF033605}
		{A844EDA3-04AB-4FD0-BA58-9662D7D1C5D0} = {001569CD-B8AA-4179-AB05-DB27A0CBEB12}
		{D6F59414-D0BF-45A2-BA6B-7F80FB13D23A} = {001569CD-B8AA-4179-AB05-DB27A0CBEB12}
		{E8C7771D-F97C-4C27-85CE-D26DDA124BA0} = {001569CD-B8AA-4179-AB05-DB27A0CBEB12}
		{FBA72185-540B-4982-AAB6-FC7BEA0128A7} = {4A320B62-E8D5-4D8E-8D99-4AF1CF033605}
	EndGlobalSection
	GlobalSection(ExtensibilityGlobals) = postSolution
		SolutionGuid = {0EA5E113-2CBC-4E25-959F-5A16E45A9D9F}
	EndGlobalSection
EndGlobal
